// !$*UTF8*$!
{
	archiveVersion = 1;
	classes = {
	};
	objectVersion = 55;
	objects = {

/* Begin PBXBuildFile section */
		1BE6DCBD6E2F3807FCBF9B80 /* Pods_MyMemoAppTests.framework in Frameworks */ = {isa = PBXBuildFile; fileRef = 00C8B4E82AEEE50BE9CEC854 /* Pods_MyMemoAppTests.framework */; };
		6BA71FBDABFF7293C7964DB1 /* Pods_MyMemoApp_MyMemoAppUITests.framework in Frameworks */ = {isa = PBXBuildFile; fileRef = 5DAD9EF5207C34DD16054252 /* Pods_MyMemoApp_MyMemoAppUITests.framework */; };
		7633C957D851B0805C5576C8 /* Pods_MyMemoApp.framework in Frameworks */ = {isa = PBXBuildFile; fileRef = 3B2C7E1AD35787F4B87BB55F /* Pods_MyMemoApp.framework */; };
		CE172E3427F8C4D400B836F8 /* AppDelegate.swift in Sources */ = {isa = PBXBuildFile; fileRef = CE172E3327F8C4D400B836F8 /* AppDelegate.swift */; };
		CE172E3627F8C4D400B836F8 /* SceneDelegate.swift in Sources */ = {isa = PBXBuildFile; fileRef = CE172E3527F8C4D400B836F8 /* SceneDelegate.swift */; };
		CE172E3B27F8C4D400B836F8 /* Main.storyboard in Resources */ = {isa = PBXBuildFile; fileRef = CE172E3927F8C4D400B836F8 /* Main.storyboard */; };
		CE172E3D27F8C4D500B836F8 /* Assets.xcassets in Resources */ = {isa = PBXBuildFile; fileRef = CE172E3C27F8C4D500B836F8 /* Assets.xcassets */; };
		CE172E4027F8C4D500B836F8 /* LaunchScreen.storyboard in Resources */ = {isa = PBXBuildFile; fileRef = CE172E3E27F8C4D500B836F8 /* LaunchScreen.storyboard */; };
		CE172E4B27F8C4D500B836F8 /* MyMemoAppTests.swift in Sources */ = {isa = PBXBuildFile; fileRef = CE172E4A27F8C4D500B836F8 /* MyMemoAppTests.swift */; };
		CE172E5527F8C4D500B836F8 /* MyMemoAppUITests.swift in Sources */ = {isa = PBXBuildFile; fileRef = CE172E5427F8C4D500B836F8 /* MyMemoAppUITests.swift */; };
		CE172E5727F8C4D500B836F8 /* MyMemoAppUITestsLaunchTests.swift in Sources */ = {isa = PBXBuildFile; fileRef = CE172E5627F8C4D500B836F8 /* MyMemoAppUITestsLaunchTests.swift */; };
		CE172E6627F8C8B100B836F8 /* HomeViewController.swift in Sources */ = {isa = PBXBuildFile; fileRef = CE172E6527F8C8B100B836F8 /* HomeViewController.swift */; };
		CECF981727F967C90078C366 /* MemoDataModel.swift in Sources */ = {isa = PBXBuildFile; fileRef = CECF981627F967C90078C366 /* MemoDataModel.swift */; };
		CECF981927F96B870078C366 /* MemoDetailViewController.swift in Sources */ = {isa = PBXBuildFile; fileRef = CECF981827F96B870078C366 /* MemoDetailViewController.swift */; };
/* End PBXBuildFile section */

/* Begin PBXContainerItemProxy section */
		CE172E4727F8C4D500B836F8 /* PBXContainerItemProxy */ = {
			isa = PBXContainerItemProxy;
			containerPortal = CE172E2827F8C4D300B836F8 /* Project object */;
			proxyType = 1;
			remoteGlobalIDString = CE172E2F27F8C4D300B836F8;
			remoteInfo = MyMemoApp;
		};
		CE172E5127F8C4D500B836F8 /* PBXContainerItemProxy */ = {
			isa = PBXContainerItemProxy;
			containerPortal = CE172E2827F8C4D300B836F8 /* Project object */;
			proxyType = 1;
			remoteGlobalIDString = CE172E2F27F8C4D300B836F8;
			remoteInfo = MyMemoApp;
		};
/* End PBXContainerItemProxy section */

/* Begin PBXFileReference section */
		00C8B4E82AEEE50BE9CEC854 /* Pods_MyMemoAppTests.framework */ = {isa = PBXFileReference; explicitFileType = wrapper.framework; includeInIndex = 0; path = Pods_MyMemoAppTests.framework; sourceTree = BUILT_PRODUCTS_DIR; };
		36A22F5EACC3275FF0EB5B96 /* Pods-MyMemoAppTests.debug.xcconfig */ = {isa = PBXFileReference; includeInIndex = 1; lastKnownFileType = text.xcconfig; name = "Pods-MyMemoAppTests.debug.xcconfig"; path = "Target Support Files/Pods-MyMemoAppTests/Pods-MyMemoAppTests.debug.xcconfig"; sourceTree = "<group>"; };
		3B2C7E1AD35787F4B87BB55F /* Pods_MyMemoApp.framework */ = {isa = PBXFileReference; explicitFileType = wrapper.framework; includeInIndex = 0; path = Pods_MyMemoApp.framework; sourceTree = BUILT_PRODUCTS_DIR; };
		503E060A67F5FC3E5D0DE9E5 /* Pods-MyMemoApp-MyMemoAppUITests.release.xcconfig */ = {isa = PBXFileReference; includeInIndex = 1; lastKnownFileType = text.xcconfig; name = "Pods-MyMemoApp-MyMemoAppUITests.release.xcconfig"; path = "Target Support Files/Pods-MyMemoApp-MyMemoAppUITests/Pods-MyMemoApp-MyMemoAppUITests.release.xcconfig"; sourceTree = "<group>"; };
		5DAD9EF5207C34DD16054252 /* Pods_MyMemoApp_MyMemoAppUITests.framework */ = {isa = PBXFileReference; explicitFileType = wrapper.framework; includeInIndex = 0; path = Pods_MyMemoApp_MyMemoAppUITests.framework; sourceTree = BUILT_PRODUCTS_DIR; };
		6D69001E348D2AC35E23F91B /* Pods-MyMemoApp-MyMemoAppUITests.debug.xcconfig */ = {isa = PBXFileReference; includeInIndex = 1; lastKnownFileType = text.xcconfig; name = "Pods-MyMemoApp-MyMemoAppUITests.debug.xcconfig"; path = "Target Support Files/Pods-MyMemoApp-MyMemoAppUITests/Pods-MyMemoApp-MyMemoAppUITests.debug.xcconfig"; sourceTree = "<group>"; };
		9F9E0E3393D0860267095D89 /* Pods-MyMemoApp.release.xcconfig */ = {isa = PBXFileReference; includeInIndex = 1; lastKnownFileType = text.xcconfig; name = "Pods-MyMemoApp.release.xcconfig"; path = "Target Support Files/Pods-MyMemoApp/Pods-MyMemoApp.release.xcconfig"; sourceTree = "<group>"; };
		C545ED9A93754EB9F0AC80AE /* Pods-MyMemoAppTests.release.xcconfig */ = {isa = PBXFileReference; includeInIndex = 1; lastKnownFileType = text.xcconfig; name = "Pods-MyMemoAppTests.release.xcconfig"; path = "Target Support Files/Pods-MyMemoAppTests/Pods-MyMemoAppTests.release.xcconfig"; sourceTree = "<group>"; };
		CE172E3027F8C4D400B836F8 /* MyMemoApp.app */ = {isa = PBXFileReference; explicitFileType = wrapper.application; includeInIndex = 0; path = MyMemoApp.app; sourceTree = BUILT_PRODUCTS_DIR; };
		CE172E3327F8C4D400B836F8 /* AppDelegate.swift */ = {isa = PBXFileReference; lastKnownFileType = sourcecode.swift; path = AppDelegate.swift; sourceTree = "<group>"; };
		CE172E3527F8C4D400B836F8 /* SceneDelegate.swift */ = {isa = PBXFileReference; lastKnownFileType = sourcecode.swift; path = SceneDelegate.swift; sourceTree = "<group>"; };
		CE172E3A27F8C4D400B836F8 /* Base */ = {isa = PBXFileReference; lastKnownFileType = file.storyboard; name = Base; path = Base.lproj/Main.storyboard; sourceTree = "<group>"; };
		CE172E3C27F8C4D500B836F8 /* Assets.xcassets */ = {isa = PBXFileReference; lastKnownFileType = folder.assetcatalog; path = Assets.xcassets; sourceTree = "<group>"; };
		CE172E3F27F8C4D500B836F8 /* Base */ = {isa = PBXFileReference; lastKnownFileType = file.storyboard; name = Base; path = Base.lproj/LaunchScreen.storyboard; sourceTree = "<group>"; };
		CE172E4127F8C4D500B836F8 /* Info.plist */ = {isa = PBXFileReference; lastKnownFileType = text.plist.xml; path = Info.plist; sourceTree = "<group>"; };
		CE172E4627F8C4D500B836F8 /* MyMemoAppTests.xctest */ = {isa = PBXFileReference; explicitFileType = wrapper.cfbundle; includeInIndex = 0; path = MyMemoAppTests.xctest; sourceTree = BUILT_PRODUCTS_DIR; };
		CE172E4A27F8C4D500B836F8 /* MyMemoAppTests.swift */ = {isa = PBXFileReference; lastKnownFileType = sourcecode.swift; path = MyMemoAppTests.swift; sourceTree = "<group>"; };
		CE172E5027F8C4D500B836F8 /* MyMemoAppUITests.xctest */ = {isa = PBXFileReference; explicitFileType = wrapper.cfbundle; includeInIndex = 0; path = MyMemoAppUITests.xctest; sourceTree = BUILT_PRODUCTS_DIR; };
		CE172E5427F8C4D500B836F8 /* MyMemoAppUITests.swift */ = {isa = PBXFileReference; lastKnownFileType = sourcecode.swift; path = MyMemoAppUITests.swift; sourceTree = "<group>"; };
		CE172E5627F8C4D500B836F8 /* MyMemoAppUITestsLaunchTests.swift */ = {isa = PBXFileReference; lastKnownFileType = sourcecode.swift; path = MyMemoAppUITestsLaunchTests.swift; sourceTree = "<group>"; };
		CE172E6527F8C8B100B836F8 /* HomeViewController.swift */ = {isa = PBXFileReference; lastKnownFileType = sourcecode.swift; path = HomeViewController.swift; sourceTree = "<group>"; };
		CECF981627F967C90078C366 /* MemoDataModel.swift */ = {isa = PBXFileReference; lastKnownFileType = sourcecode.swift; path = MemoDataModel.swift; sourceTree = "<group>"; };
		CECF981827F96B870078C366 /* MemoDetailViewController.swift */ = {isa = PBXFileReference; lastKnownFileType = sourcecode.swift; path = MemoDetailViewController.swift; sourceTree = "<group>"; };
		F62145AC04F68C947A59AD35 /* Pods-MyMemoApp.debug.xcconfig */ = {isa = PBXFileReference; includeInIndex = 1; lastKnownFileType = text.xcconfig; name = "Pods-MyMemoApp.debug.xcconfig"; path = "Target Support Files/Pods-MyMemoApp/Pods-MyMemoApp.debug.xcconfig"; sourceTree = "<group>"; };
/* End PBXFileReference section */

/* Begin PBXFrameworksBuildPhase section */
		CE172E2D27F8C4D300B836F8 /* Frameworks */ = {
			isa = PBXFrameworksBuildPhase;
			buildActionMask = 2147483647;
			files = (
				7633C957D851B0805C5576C8 /* Pods_MyMemoApp.framework in Frameworks */,
			);
			runOnlyForDeploymentPostprocessing = 0;
		};
		CE172E4327F8C4D500B836F8 /* Frameworks */ = {
			isa = PBXFrameworksBuildPhase;
			buildActionMask = 2147483647;
			files = (
				1BE6DCBD6E2F3807FCBF9B80 /* Pods_MyMemoAppTests.framework in Frameworks */,
			);
			runOnlyForDeploymentPostprocessing = 0;
		};
		CE172E4D27F8C4D500B836F8 /* Frameworks */ = {
			isa = PBXFrameworksBuildPhase;
			buildActionMask = 2147483647;
			files = (
				6BA71FBDABFF7293C7964DB1 /* Pods_MyMemoApp_MyMemoAppUITests.framework in Frameworks */,
			);
			runOnlyForDeploymentPostprocessing = 0;
		};
/* End PBXFrameworksBuildPhase section */

/* Begin PBXGroup section */
		2E981DBE00EE4D788390CAD7 /* Pods */ = {
			isa = PBXGroup;
			children = (
				F62145AC04F68C947A59AD35 /* Pods-MyMemoApp.debug.xcconfig */,
				9F9E0E3393D0860267095D89 /* Pods-MyMemoApp.release.xcconfig */,
				6D69001E348D2AC35E23F91B /* Pods-MyMemoApp-MyMemoAppUITests.debug.xcconfig */,
				503E060A67F5FC3E5D0DE9E5 /* Pods-MyMemoApp-MyMemoAppUITests.release.xcconfig */,
				36A22F5EACC3275FF0EB5B96 /* Pods-MyMemoAppTests.debug.xcconfig */,
				C545ED9A93754EB9F0AC80AE /* Pods-MyMemoAppTests.release.xcconfig */,
			);
			name = Pods;
			path = Pods;
			sourceTree = "<group>";
		};
		CE172E2727F8C4D300B836F8 = {
			isa = PBXGroup;
			children = (
				CE172E3227F8C4D400B836F8 /* MyMemoApp */,
				CE172E4927F8C4D500B836F8 /* MyMemoAppTests */,
				CE172E5327F8C4D500B836F8 /* MyMemoAppUITests */,
				CE172E3127F8C4D400B836F8 /* Products */,
				2E981DBE00EE4D788390CAD7 /* Pods */,
				EC2DFC937C2DDC8BC03C7BF1 /* Frameworks */,
			);
			sourceTree = "<group>";
		};
		CE172E3127F8C4D400B836F8 /* Products */ = {
			isa = PBXGroup;
			children = (
				CE172E3027F8C4D400B836F8 /* MyMemoApp.app */,
				CE172E4627F8C4D500B836F8 /* MyMemoAppTests.xctest */,
				CE172E5027F8C4D500B836F8 /* MyMemoAppUITests.xctest */,
			);
			name = Products;
			sourceTree = "<group>";
		};
		CE172E3227F8C4D400B836F8 /* MyMemoApp */ = {
			isa = PBXGroup;
			children = (
				CE172E3327F8C4D400B836F8 /* AppDelegate.swift */,
				CE172E3527F8C4D400B836F8 /* SceneDelegate.swift */,
				CE172E3927F8C4D400B836F8 /* Main.storyboard */,
				CE172E3C27F8C4D500B836F8 /* Assets.xcassets */,
				CE172E3E27F8C4D500B836F8 /* LaunchScreen.storyboard */,
				CE172E4127F8C4D500B836F8 /* Info.plist */,
				CE172E6527F8C8B100B836F8 /* HomeViewController.swift */,
				CECF981627F967C90078C366 /* MemoDataModel.swift */,
				CECF981827F96B870078C366 /* MemoDetailViewController.swift */,
			);
			path = MyMemoApp;
			sourceTree = "<group>";
		};
		CE172E4927F8C4D500B836F8 /* MyMemoAppTests */ = {
			isa = PBXGroup;
			children = (
				CE172E4A27F8C4D500B836F8 /* MyMemoAppTests.swift */,
			);
			path = MyMemoAppTests;
			sourceTree = "<group>";
		};
		CE172E5327F8C4D500B836F8 /* MyMemoAppUITests */ = {
			isa = PBXGroup;
			children = (
				CE172E5427F8C4D500B836F8 /* MyMemoAppUITests.swift */,
				CE172E5627F8C4D500B836F8 /* MyMemoAppUITestsLaunchTests.swift */,
			);
			path = MyMemoAppUITests;
			sourceTree = "<group>";
		};
		EC2DFC937C2DDC8BC03C7BF1 /* Frameworks */ = {
			isa = PBXGroup;
			children = (
				3B2C7E1AD35787F4B87BB55F /* Pods_MyMemoApp.framework */,
				5DAD9EF5207C34DD16054252 /* Pods_MyMemoApp_MyMemoAppUITests.framework */,
				00C8B4E82AEEE50BE9CEC854 /* Pods_MyMemoAppTests.framework */,
			);
			name = Frameworks;
			sourceTree = "<group>";
		};
/* End PBXGroup section */

/* Begin PBXNativeTarget section */
		CE172E2F27F8C4D300B836F8 /* MyMemoApp */ = {
			isa = PBXNativeTarget;
			buildConfigurationList = CE172E5A27F8C4D500B836F8 /* Build configuration list for PBXNativeTarget "MyMemoApp" */;
			buildPhases = (
				A01F3A51A95172C15CA568FE /* [CP] Check Pods Manifest.lock */,
				CE172E2C27F8C4D300B836F8 /* Sources */,
				CE172E2D27F8C4D300B836F8 /* Frameworks */,
				CE172E2E27F8C4D300B836F8 /* Resources */,
				21D1B03258E6BB9A663D37BA /* [CP] Embed Pods Frameworks */,
			);
			buildRules = (
			);
			dependencies = (
			);
			name = MyMemoApp;
			productName = MyMemoApp;
			productReference = CE172E3027F8C4D400B836F8 /* MyMemoApp.app */;
			productType = "com.apple.product-type.application";
		};
		CE172E4527F8C4D500B836F8 /* MyMemoAppTests */ = {
			isa = PBXNativeTarget;
			buildConfigurationList = CE172E5D27F8C4D500B836F8 /* Build configuration list for PBXNativeTarget "MyMemoAppTests" */;
			buildPhases = (
				E39A3C299A31C1003CCA481A /* [CP] Check Pods Manifest.lock */,
				CE172E4227F8C4D500B836F8 /* Sources */,
				CE172E4327F8C4D500B836F8 /* Frameworks */,
				CE172E4427F8C4D500B836F8 /* Resources */,
			);
			buildRules = (
			);
			dependencies = (
				CE172E4827F8C4D500B836F8 /* PBXTargetDependency */,
			);
			name = MyMemoAppTests;
			productName = MyMemoAppTests;
			productReference = CE172E4627F8C4D500B836F8 /* MyMemoAppTests.xctest */;
			productType = "com.apple.product-type.bundle.unit-test";
		};
		CE172E4F27F8C4D500B836F8 /* MyMemoAppUITests */ = {
			isa = PBXNativeTarget;
			buildConfigurationList = CE172E6027F8C4D500B836F8 /* Build configuration list for PBXNativeTarget "MyMemoAppUITests" */;
			buildPhases = (
				17ACA41D51346DEEC08E2887 /* [CP] Check Pods Manifest.lock */,
				CE172E4C27F8C4D500B836F8 /* Sources */,
				CE172E4D27F8C4D500B836F8 /* Frameworks */,
				CE172E4E27F8C4D500B836F8 /* Resources */,
				47AFB5AC15FF742633A28E2B /* [CP] Embed Pods Frameworks */,
			);
			buildRules = (
			);
			dependencies = (
				CE172E5227F8C4D500B836F8 /* PBXTargetDependency */,
			);
			name = MyMemoAppUITests;
			productName = MyMemoAppUITests;
			productReference = CE172E5027F8C4D500B836F8 /* MyMemoAppUITests.xctest */;
			productType = "com.apple.product-type.bundle.ui-testing";
		};
/* End PBXNativeTarget section */

/* Begin PBXProject section */
		CE172E2827F8C4D300B836F8 /* Project object */ = {
			isa = PBXProject;
			attributes = {
				BuildIndependentTargetsInParallel = 1;
				LastSwiftUpdateCheck = 1330;
				LastUpgradeCheck = 1330;
				TargetAttributes = {
					CE172E2F27F8C4D300B836F8 = {
						CreatedOnToolsVersion = 13.3;
					};
					CE172E4527F8C4D500B836F8 = {
						CreatedOnToolsVersion = 13.3;
						TestTargetID = CE172E2F27F8C4D300B836F8;
					};
					CE172E4F27F8C4D500B836F8 = {
						CreatedOnToolsVersion = 13.3;
						TestTargetID = CE172E2F27F8C4D300B836F8;
					};
				};
			};
			buildConfigurationList = CE172E2B27F8C4D300B836F8 /* Build configuration list for PBXProject "MyMemoApp" */;
			compatibilityVersion = "Xcode 13.0";
			developmentRegion = en;
			hasScannedForEncodings = 0;
			knownRegions = (
				en,
				Base,
			);
			mainGroup = CE172E2727F8C4D300B836F8;
			productRefGroup = CE172E3127F8C4D400B836F8 /* Products */;
			projectDirPath = "";
			projectRoot = "";
			targets = (
				CE172E2F27F8C4D300B836F8 /* MyMemoApp */,
				CE172E4527F8C4D500B836F8 /* MyMemoAppTests */,
				CE172E4F27F8C4D500B836F8 /* MyMemoAppUITests */,
			);
		};
/* End PBXProject section */

/* Begin PBXResourcesBuildPhase section */
		CE172E2E27F8C4D300B836F8 /* Resources */ = {
			isa = PBXResourcesBuildPhase;
			buildActionMask = 2147483647;
			files = (
				CE172E4027F8C4D500B836F8 /* LaunchScreen.storyboard in Resources */,
				CE172E3D27F8C4D500B836F8 /* Assets.xcassets in Resources */,
				CE172E3B27F8C4D400B836F8 /* Main.storyboard in Resources */,
			);
			runOnlyForDeploymentPostprocessing = 0;
		};
		CE172E4427F8C4D500B836F8 /* Resources */ = {
			isa = PBXResourcesBuildPhase;
			buildActionMask = 2147483647;
			files = (
			);
			runOnlyForDeploymentPostprocessing = 0;
		};
		CE172E4E27F8C4D500B836F8 /* Resources */ = {
			isa = PBXResourcesBuildPhase;
			buildActionMask = 2147483647;
			files = (
			);
			runOnlyForDeploymentPostprocessing = 0;
		};
/* End PBXResourcesBuildPhase section */

/* Begin PBXShellScriptBuildPhase section */
		17ACA41D51346DEEC08E2887 /* [CP] Check Pods Manifest.lock */ = {
			isa = PBXShellScriptBuildPhase;
			buildActionMask = 2147483647;
			files = (
			);
			inputFileListPaths = (
			);
			inputPaths = (
				"${PODS_PODFILE_DIR_PATH}/Podfile.lock",
				"${PODS_ROOT}/Manifest.lock",
			);
			name = "[CP] Check Pods Manifest.lock";
			outputFileListPaths = (
			);
			outputPaths = (
				"$(DERIVED_FILE_DIR)/Pods-MyMemoApp-MyMemoAppUITests-checkManifestLockResult.txt",
			);
			runOnlyForDeploymentPostprocessing = 0;
			shellPath = /bin/sh;
			shellScript = "diff \"${PODS_PODFILE_DIR_PATH}/Podfile.lock\" \"${PODS_ROOT}/Manifest.lock\" > /dev/null\nif [ $? != 0 ] ; then\n    # print error to STDERR\n    echo \"error: The sandbox is not in sync with the Podfile.lock. Run 'pod install' or update your CocoaPods installation.\" >&2\n    exit 1\nfi\n# This output is used by Xcode 'outputs' to avoid re-running this script phase.\necho \"SUCCESS\" > \"${SCRIPT_OUTPUT_FILE_0}\"\n";
			showEnvVarsInLog = 0;
		};
		21D1B03258E6BB9A663D37BA /* [CP] Embed Pods Frameworks */ = {
			isa = PBXShellScriptBuildPhase;
			buildActionMask = 2147483647;
			files = (
			);
			inputFileListPaths = (
				"${PODS_ROOT}/Target Support Files/Pods-MyMemoApp/Pods-MyMemoApp-frameworks-${CONFIGURATION}-input-files.xcfilelist",
			);
			name = "[CP] Embed Pods Frameworks";
			outputFileListPaths = (
				"${PODS_ROOT}/Target Support Files/Pods-MyMemoApp/Pods-MyMemoApp-frameworks-${CONFIGURATION}-output-files.xcfilelist",
			);
			runOnlyForDeploymentPostprocessing = 0;
			shellPath = /bin/sh;
			shellScript = "\"${PODS_ROOT}/Target Support Files/Pods-MyMemoApp/Pods-MyMemoApp-frameworks.sh\"\n";
			showEnvVarsInLog = 0;
		};
		47AFB5AC15FF742633A28E2B /* [CP] Embed Pods Frameworks */ = {
			isa = PBXShellScriptBuildPhase;
			buildActionMask = 2147483647;
			files = (
			);
			inputFileListPaths = (
				"${PODS_ROOT}/Target Support Files/Pods-MyMemoApp-MyMemoAppUITests/Pods-MyMemoApp-MyMemoAppUITests-frameworks-${CONFIGURATION}-input-files.xcfilelist",
			);
			name = "[CP] Embed Pods Frameworks";
			outputFileListPaths = (
				"${PODS_ROOT}/Target Support Files/Pods-MyMemoApp-MyMemoAppUITests/Pods-MyMemoApp-MyMemoAppUITests-frameworks-${CONFIGURATION}-output-files.xcfilelist",
			);
			runOnlyForDeploymentPostprocessing = 0;
			shellPath = /bin/sh;
			shellScript = "\"${PODS_ROOT}/Target Support Files/Pods-MyMemoApp-MyMemoAppUITests/Pods-MyMemoApp-MyMemoAppUITests-frameworks.sh\"\n";
			showEnvVarsInLog = 0;
		};
		A01F3A51A95172C15CA568FE /* [CP] Check Pods Manifest.lock */ = {
			isa = PBXShellScriptBuildPhase;
			buildActionMask = 2147483647;
			files = (
			);
			inputFileListPaths = (
			);
			inputPaths = (
				"${PODS_PODFILE_DIR_PATH}/Podfile.lock",
				"${PODS_ROOT}/Manifest.lock",
			);
			name = "[CP] Check Pods Manifest.lock";
			outputFileListPaths = (
			);
			outputPaths = (
				"$(DERIVED_FILE_DIR)/Pods-MyMemoApp-checkManifestLockResult.txt",
			);
			runOnlyForDeploymentPostprocessing = 0;
			shellPath = /bin/sh;
			shellScript = "diff \"${PODS_PODFILE_DIR_PATH}/Podfile.lock\" \"${PODS_ROOT}/Manifest.lock\" > /dev/null\nif [ $? != 0 ] ; then\n    # print error to STDERR\n    echo \"error: The sandbox is not in sync with the Podfile.lock. Run 'pod install' or update your CocoaPods installation.\" >&2\n    exit 1\nfi\n# This output is used by Xcode 'outputs' to avoid re-running this script phase.\necho \"SUCCESS\" > \"${SCRIPT_OUTPUT_FILE_0}\"\n";
			showEnvVarsInLog = 0;
		};
		E39A3C299A31C1003CCA481A /* [CP] Check Pods Manifest.lock */ = {
			isa = PBXShellScriptBuildPhase;
			buildActionMask = 2147483647;
			files = (
			);
			inputFileListPaths = (
			);
			inputPaths = (
				"${PODS_PODFILE_DIR_PATH}/Podfile.lock",
				"${PODS_ROOT}/Manifest.lock",
			);
			name = "[CP] Check Pods Manifest.lock";
			outputFileListPaths = (
			);
			outputPaths = (
				"$(DERIVED_FILE_DIR)/Pods-MyMemoAppTests-checkManifestLockResult.txt",
			);
			runOnlyForDeploymentPostprocessing = 0;
			shellPath = /bin/sh;
			shellScript = "diff \"${PODS_PODFILE_DIR_PATH}/Podfile.lock\" \"${PODS_ROOT}/Manifest.lock\" > /dev/null\nif [ $? != 0 ] ; then\n    # print error to STDERR\n    echo \"error: The sandbox is not in sync with the Podfile.lock. Run 'pod install' or update your CocoaPods installation.\" >&2\n    exit 1\nfi\n# This output is used by Xcode 'outputs' to avoid re-running this script phase.\necho \"SUCCESS\" > \"${SCRIPT_OUTPUT_FILE_0}\"\n";
			showEnvVarsInLog = 0;
		};
/* End PBXShellScriptBuildPhase section */

/* Begin PBXSourcesBuildPhase section */
		CE172E2C27F8C4D300B836F8 /* Sources */ = {
			isa = PBXSourcesBuildPhase;
			buildActionMask = 2147483647;
			files = (
				CECF981927F96B870078C366 /* MemoDetailViewController.swift in Sources */,
				CE172E3427F8C4D400B836F8 /* AppDelegate.swift in Sources */,
				CE172E3627F8C4D400B836F8 /* SceneDelegate.swift in Sources */,
				CE172E6627F8C8B100B836F8 /* HomeViewController.swift in Sources */,
				CECF981727F967C90078C366 /* MemoDataModel.swift in Sources */,
			);
			runOnlyForDeploymentPostprocessing = 0;
		};
		CE172E4227F8C4D500B836F8 /* Sources */ = {
			isa = PBXSourcesBuildPhase;
			buildActionMask = 2147483647;
			files = (
				CE172E4B27F8C4D500B836F8 /* MyMemoAppTests.swift in Sources */,
			);
			runOnlyForDeploymentPostprocessing = 0;
		};
		CE172E4C27F8C4D500B836F8 /* Sources */ = {
			isa = PBXSourcesBuildPhase;
			buildActionMask = 2147483647;
			files = (
				CE172E5727F8C4D500B836F8 /* MyMemoAppUITestsLaunchTests.swift in Sources */,
				CE172E5527F8C4D500B836F8 /* MyMemoAppUITests.swift in Sources */,
			);
			runOnlyForDeploymentPostprocessing = 0;
		};
/* End PBXSourcesBuildPhase section */

/* Begin PBXTargetDependency section */
		CE172E4827F8C4D500B836F8 /* PBXTargetDependency */ = {
			isa = PBXTargetDependency;
			target = CE172E2F27F8C4D300B836F8 /* MyMemoApp */;
			targetProxy = CE172E4727F8C4D500B836F8 /* PBXContainerItemProxy */;
		};
		CE172E5227F8C4D500B836F8 /* PBXTargetDependency */ = {
			isa = PBXTargetDependency;
			target = CE172E2F27F8C4D300B836F8 /* MyMemoApp */;
			targetProxy = CE172E5127F8C4D500B836F8 /* PBXContainerItemProxy */;
		};
/* End PBXTargetDependency section */

/* Begin PBXVariantGroup section */
		CE172E3927F8C4D400B836F8 /* Main.storyboard */ = {
			isa = PBXVariantGroup;
			children = (
				CE172E3A27F8C4D400B836F8 /* Base */,
			);
			name = Main.storyboard;
			sourceTree = "<group>";
		};
		CE172E3E27F8C4D500B836F8 /* LaunchScreen.storyboard */ = {
			isa = PBXVariantGroup;
			children = (
				CE172E3F27F8C4D500B836F8 /* Base */,
			);
			name = LaunchScreen.storyboard;
			sourceTree = "<group>";
		};
/* End PBXVariantGroup section */

/* Begin XCBuildConfiguration section */
		CE172E5827F8C4D500B836F8 /* Debug */ = {
			isa = XCBuildConfiguration;
			buildSettings = {
				ALWAYS_SEARCH_USER_PATHS = NO;
				CLANG_ANALYZER_NONNULL = YES;
				CLANG_ANALYZER_NUMBER_OBJECT_CONVERSION = YES_AGGRESSIVE;
				CLANG_CXX_LANGUAGE_STANDARD = "gnu++17";
				CLANG_ENABLE_MODULES = YES;
				CLANG_ENABLE_OBJC_ARC = YES;
				CLANG_ENABLE_OBJC_WEAK = YES;
				CLANG_WARN_BLOCK_CAPTURE_AUTORELEASING = YES;
				CLANG_WARN_BOOL_CONVERSION = YES;
				CLANG_WARN_COMMA = YES;
				CLANG_WARN_CONSTANT_CONVERSION = YES;
				CLANG_WARN_DEPRECATED_OBJC_IMPLEMENTATIONS = YES;
				CLANG_WARN_DIRECT_OBJC_ISA_USAGE = YES_ERROR;
				CLANG_WARN_DOCUMENTATION_COMMENTS = YES;
				CLANG_WARN_EMPTY_BODY = YES;
				CLANG_WARN_ENUM_CONVERSION = YES;
				CLANG_WARN_INFINITE_RECURSION = YES;
				CLANG_WARN_INT_CONVERSION = YES;
				CLANG_WARN_NON_LITERAL_NULL_CONVERSION = YES;
				CLANG_WARN_OBJC_IMPLICIT_RETAIN_SELF = YES;
				CLANG_WARN_OBJC_LITERAL_CONVERSION = YES;
				CLANG_WARN_OBJC_ROOT_CLASS = YES_ERROR;
				CLANG_WARN_QUOTED_INCLUDE_IN_FRAMEWORK_HEADER = YES;
				CLANG_WARN_RANGE_LOOP_ANALYSIS = YES;
				CLANG_WARN_STRICT_PROTOTYPES = YES;
				CLANG_WARN_SUSPICIOUS_MOVE = YES;
				CLANG_WARN_UNGUARDED_AVAILABILITY = YES_AGGRESSIVE;
				CLANG_WARN_UNREACHABLE_CODE = YES;
				CLANG_WARN__DUPLICATE_METHOD_MATCH = YES;
				COPY_PHASE_STRIP = NO;
				DEBUG_INFORMATION_FORMAT = dwarf;
				ENABLE_STRICT_OBJC_MSGSEND = YES;
				ENABLE_TESTABILITY = YES;
				GCC_C_LANGUAGE_STANDARD = gnu11;
				GCC_DYNAMIC_NO_PIC = NO;
				GCC_NO_COMMON_BLOCKS = YES;
				GCC_OPTIMIZATION_LEVEL = 0;
				GCC_PREPROCESSOR_DEFINITIONS = (
					"DEBUG=1",
					"$(inherited)",
				);
				GCC_WARN_64_TO_32_BIT_CONVERSION = YES;
				GCC_WARN_ABOUT_RETURN_TYPE = YES_ERROR;
				GCC_WARN_UNDECLARED_SELECTOR = YES;
				GCC_WARN_UNINITIALIZED_AUTOS = YES_AGGRESSIVE;
				GCC_WARN_UNUSED_FUNCTION = YES;
				GCC_WARN_UNUSED_VARIABLE = YES;
				IPHONEOS_DEPLOYMENT_TARGET = 15.4;
				MTL_ENABLE_DEBUG_INFO = INCLUDE_SOURCE;
				MTL_FAST_MATH = YES;
				ONLY_ACTIVE_ARCH = YES;
				SDKROOT = iphoneos;
				SWIFT_ACTIVE_COMPILATION_CONDITIONS = DEBUG;
				SWIFT_OPTIMIZATION_LEVEL = "-Onone";
			};
			name = Debug;
		};
		CE172E5927F8C4D500B836F8 /* Release */ = {
			isa = XCBuildConfiguration;
			buildSettings = {
				ALWAYS_SEARCH_USER_PATHS = NO;
				CLANG_ANALYZER_NONNULL = YES;
				CLANG_ANALYZER_NUMBER_OBJECT_CONVERSION = YES_AGGRESSIVE;
				CLANG_CXX_LANGUAGE_STANDARD = "gnu++17";
				CLANG_ENABLE_MODULES = YES;
				CLANG_ENABLE_OBJC_ARC = YES;
				CLANG_ENABLE_OBJC_WEAK = YES;
				CLANG_WARN_BLOCK_CAPTURE_AUTORELEASING = YES;
				CLANG_WARN_BOOL_CONVERSION = YES;
				CLANG_WARN_COMMA = YES;
				CLANG_WARN_CONSTANT_CONVERSION = YES;
				CLANG_WARN_DEPRECATED_OBJC_IMPLEMENTATIONS = YES;
				CLANG_WARN_DIRECT_OBJC_ISA_USAGE = YES_ERROR;
				CLANG_WARN_DOCUMENTATION_COMMENTS = YES;
				CLANG_WARN_EMPTY_BODY = YES;
				CLANG_WARN_ENUM_CONVERSION = YES;
				CLANG_WARN_INFINITE_RECURSION = YES;
				CLANG_WARN_INT_CONVERSION = YES;
				CLANG_WARN_NON_LITERAL_NULL_CONVERSION = YES;
				CLANG_WARN_OBJC_IMPLICIT_RETAIN_SELF = YES;
				CLANG_WARN_OBJC_LITERAL_CONVERSION = YES;
				CLANG_WARN_OBJC_ROOT_CLASS = YES_ERROR;
				CLANG_WARN_QUOTED_INCLUDE_IN_FRAMEWORK_HEADER = YES;
				CLANG_WARN_RANGE_LOOP_ANALYSIS = YES;
				CLANG_WARN_STRICT_PROTOTYPES = YES;
				CLANG_WARN_SUSPICIOUS_MOVE = YES;
				CLANG_WARN_UNGUARDED_AVAILABILITY = YES_AGGRESSIVE;
				CLANG_WARN_UNREACHABLE_CODE = YES;
				CLANG_WARN__DUPLICATE_METHOD_MATCH = YES;
				COPY_PHASE_STRIP = NO;
				DEBUG_INFORMATION_FORMAT = "dwarf-with-dsym";
				ENABLE_NS_ASSERTIONS = NO;
				ENABLE_STRICT_OBJC_MSGSEND = YES;
				GCC_C_LANGUAGE_STANDARD = gnu11;
				GCC_NO_COMMON_BLOCKS = YES;
				GCC_WARN_64_TO_32_BIT_CONVERSION = YES;
				GCC_WARN_ABOUT_RETURN_TYPE = YES_ERROR;
				GCC_WARN_UNDECLARED_SELECTOR = YES;
				GCC_WARN_UNINITIALIZED_AUTOS = YES_AGGRESSIVE;
				GCC_WARN_UNUSED_FUNCTION = YES;
				GCC_WARN_UNUSED_VARIABLE = YES;
				IPHONEOS_DEPLOYMENT_TARGET = 15.4;
				MTL_ENABLE_DEBUG_INFO = NO;
				MTL_FAST_MATH = YES;
				SDKROOT = iphoneos;
				SWIFT_COMPILATION_MODE = wholemodule;
				SWIFT_OPTIMIZATION_LEVEL = "-O";
				VALIDATE_PRODUCT = YES;
			};
			name = Release;
		};
		CE172E5B27F8C4D500B836F8 /* Debug */ = {
			isa = XCBuildConfiguration;
			baseConfigurationReference = F62145AC04F68C947A59AD35 /* Pods-MyMemoApp.debug.xcconfig */;
			buildSettings = {
				ASSETCATALOG_COMPILER_APPICON_NAME = AppIcon;
				ASSETCATALOG_COMPILER_GLOBAL_ACCENT_COLOR_NAME = AccentColor;
				CODE_SIGN_STYLE = Automatic;
				CURRENT_PROJECT_VERSION = 1;
				DEVELOPMENT_TEAM = 3ZHPXKH38X;
				GENERATE_INFOPLIST_FILE = YES;
				INFOPLIST_FILE = MyMemoApp/Info.plist;
				INFOPLIST_KEY_UIApplicationSupportsIndirectInputEvents = YES;
				INFOPLIST_KEY_UILaunchStoryboardName = LaunchScreen;
				INFOPLIST_KEY_UIMainStoryboardFile = Main;
				INFOPLIST_KEY_UISupportedInterfaceOrientations_iPad = "UIInterfaceOrientationPortrait UIInterfaceOrientationPortraitUpsideDown UIInterfaceOrientationLandscapeLeft UIInterfaceOrientationLandscapeRight";
				INFOPLIST_KEY_UISupportedInterfaceOrientations_iPhone = "UIInterfaceOrientationPortrait UIInterfaceOrientationLandscapeLeft UIInterfaceOrientationLandscapeRight";
				LD_RUNPATH_SEARCH_PATHS = (
					"$(inherited)",
					"@executable_path/Frameworks",
				);
				MARKETING_VERSION = 1.0;
				PRODUCT_BUNDLE_IDENTIFIER = "com.ios-academia.MyMemoApp";
				PRODUCT_NAME = "$(TARGET_NAME)";
				SWIFT_EMIT_LOC_STRINGS = YES;
				SWIFT_VERSION = 5.0;
				TARGETED_DEVICE_FAMILY = "1,2";
			};
			name = Debug;
		};
		CE172E5C27F8C4D500B836F8 /* Release */ = {
			isa = XCBuildConfiguration;
			baseConfigurationReference = 9F9E0E3393D0860267095D89 /* Pods-MyMemoApp.release.xcconfig */;
			buildSettings = {
				ASSETCATALOG_COMPILER_APPICON_NAME = AppIcon;
				ASSETCATALOG_COMPILER_GLOBAL_ACCENT_COLOR_NAME = AccentColor;
				CODE_SIGN_STYLE = Automatic;
				CURRENT_PROJECT_VERSION = 1;
				DEVELOPMENT_TEAM = 3ZHPXKH38X;
				GENERATE_INFOPLIST_FILE = YES;
				INFOPLIST_FILE = MyMemoApp/Info.plist;
				INFOPLIST_KEY_UIApplicationSupportsIndirectInputEvents = YES;
				INFOPLIST_KEY_UILaunchStoryboardName = LaunchScreen;
				INFOPLIST_KEY_UIMainStoryboardFile = Main;
				INFOPLIST_KEY_UISupportedInterfaceOrientations_iPad = "UIInterfaceOrientationPortrait UIInterfaceOrientationPortraitUpsideDown UIInterfaceOrientationLandscapeLeft UIInterfaceOrientationLandscapeRight";
				INFOPLIST_KEY_UISupportedInterfaceOrientations_iPhone = "UIInterfaceOrientationPortrait UIInterfaceOrientationLandscapeLeft UIInterfaceOrientationLandscapeRight";
				LD_RUNPATH_SEARCH_PATHS = (
					"$(inherited)",
					"@executable_path/Frameworks",
				);
				MARKETING_VERSION = 1.0;
				PRODUCT_BUNDLE_IDENTIFIER = "com.ios-academia.MyMemoApp";
				PRODUCT_NAME = "$(TARGET_NAME)";
				SWIFT_EMIT_LOC_STRINGS = YES;
				SWIFT_VERSION = 5.0;
				TARGETED_DEVICE_FAMILY = "1,2";
			};
			name = Release;
		};
		CE172E5E27F8C4D500B836F8 /* Debug */ = {
			isa = XCBuildConfiguration;
			baseConfigurationReference = 36A22F5EACC3275FF0EB5B96 /* Pods-MyMemoAppTests.debug.xcconfig */;
			buildSettings = {
				ALWAYS_EMBED_SWIFT_STANDARD_LIBRARIES = YES;
				BUNDLE_LOADER = "$(TEST_HOST)";
				CODE_SIGN_STYLE = Automatic;
				CURRENT_PROJECT_VERSION = 1;
				DEVELOPMENT_TEAM = 3ZHPXKH38X;
				GENERATE_INFOPLIST_FILE = YES;
				IPHONEOS_DEPLOYMENT_TARGET = 15.4;
				MARKETING_VERSION = 1.0;
				PRODUCT_BUNDLE_IDENTIFIER = "com.ios-academia.MyMemoAppTests";
				PRODUCT_NAME = "$(TARGET_NAME)";
				SWIFT_EMIT_LOC_STRINGS = NO;
				SWIFT_VERSION = 5.0;
				TARGETED_DEVICE_FAMILY = "1,2";
				TEST_HOST = "$(BUILT_PRODUCTS_DIR)/MyMemoApp.app/MyMemoApp";
			};
			name = Debug;
		};
		CE172E5F27F8C4D500B836F8 /* Release */ = {
			isa = XCBuildConfiguration;
			baseConfigurationReference = C545ED9A93754EB9F0AC80AE /* Pods-MyMemoAppTests.release.xcconfig */;
			buildSettings = {
				ALWAYS_EMBED_SWIFT_STANDARD_LIBRARIES = YES;
				BUNDLE_LOADER = "$(TEST_HOST)";
				CODE_SIGN_STYLE = Automatic;
				CURRENT_PROJECT_VERSION = 1;
				DEVELOPMENT_TEAM = 3ZHPXKH38X;
				GENERATE_INFOPLIST_FILE = YES;
				IPHONEOS_DEPLOYMENT_TARGET = 15.4;
				MARKETING_VERSION = 1.0;
				PRODUCT_BUNDLE_IDENTIFIER = "com.ios-academia.MyMemoAppTests";
				PRODUCT_NAME = "$(TARGET_NAME)";
				SWIFT_EMIT_LOC_STRINGS = NO;
				SWIFT_VERSION = 5.0;
				TARGETED_DEVICE_FAMILY = "1,2";
				TEST_HOST = "$(BUILT_PRODUCTS_DIR)/MyMemoApp.app/MyMemoApp";
			};
			name = Release;
		};
		CE172E6127F8C4D500B836F8 /* Debug */ = {
			isa = XCBuildConfiguration;
			baseConfigurationReference = 6D69001E348D2AC35E23F91B /* Pods-MyMemoApp-MyMemoAppUITests.debug.xcconfig */;
			buildSettings = {
				ALWAYS_EMBED_SWIFT_STANDARD_LIBRARIES = YES;
				CODE_SIGN_STYLE = Automatic;
				CURRENT_PROJECT_VERSION = 1;
				DEVELOPMENT_TEAM = 3ZHPXKH38X;
				GENERATE_INFOPLIST_FILE = YES;
				MARKETING_VERSION = 1.0;
				PRODUCT_BUNDLE_IDENTIFIER = "com.ios-academia.MyMemoAppUITests";
				PRODUCT_NAME = "$(TARGET_NAME)";
				SWIFT_EMIT_LOC_STRINGS = NO;
				SWIFT_VERSION = 5.0;
				TARGETED_DEVICE_FAMILY = "1,2";
				TEST_TARGET_NAME = MyMemoApp;
			};
			name = Debug;
		};
		CE172E6227F8C4D500B836F8 /* Release */ = {
			isa = XCBuildConfiguration;
			baseConfigurationReference = 503E060A67F5FC3E5D0DE9E5 /* Pods-MyMemoApp-MyMemoAppUITests.release.xcconfig */;
			buildSettings = {
				ALWAYS_EMBED_SWIFT_STANDARD_LIBRARIES = YES;
				CODE_SIGN_STYLE = Automatic;
				CURRENT_PROJECT_VERSION = 1;
				DEVELOPMENT_TEAM = 3ZHPXKH38X;
				GENERATE_INFOPLIST_FILE = YES;
				MARKETING_VERSION = 1.0;
				PRODUCT_BUNDLE_IDENTIFIER = "com.ios-academia.MyMemoAppUITests";
				PRODUCT_NAME = "$(TARGET_NAME)";
				SWIFT_EMIT_LOC_STRINGS = NO;
				SWIFT_VERSION = 5.0;
				TARGETED_DEVICE_FAMILY = "1,2";
				TEST_TARGET_NAME = MyMemoApp;
			};
			name = Release;
		};
/* End XCBuildConfiguration section */

/* Begin XCConfigurationList section */
		CE172E2B27F8C4D300B836F8 /* Build configuration list for PBXProject "MyMemoApp" */ = {
			isa = XCConfigurationList;
			buildConfigurations = (
				CE172E5827F8C4D500B836F8 /* Debug */,
				CE172E5927F8C4D500B836F8 /* Release */,
			);
			defaultConfigurationIsVisible = 0;
			defaultConfigurationName = Release;
		};
		CE172E5A27F8C4D500B836F8 /* Build configuration list for PBXNativeTarget "MyMemoApp" */ = {
			isa = XCConfigurationList;
			buildConfigurations = (
				CE172E5B27F8C4D500B836F8 /* Debug */,
				CE172E5C27F8C4D500B836F8 /* Release */,
			);
			defaultConfigurationIsVisible = 0;
			defaultConfigurationName = Release;
		};
		CE172E5D27F8C4D500B836F8 /* Build configuration list for PBXNativeTarget "MyMemoAppTests" */ = {
			isa = XCConfigurationList;
			buildConfigurations = (
				CE172E5E27F8C4D500B836F8 /* Debug */,
				CE172E5F27F8C4D500B836F8 /* Release */,
			);
			defaultConfigurationIsVisible = 0;
			defaultConfigurationName = Release;
		};
		CE172E6027F8C4D500B836F8 /* Build configuration list for PBXNativeTarget "MyMemoAppUITests" */ = {
			isa = XCConfigurationList;
			buildConfigurations = (
				CE172E6127F8C4D500B836F8 /* Debug */,
				CE172E6227F8C4D500B836F8 /* Release */,
			);
			defaultConfigurationIsVisible = 0;
			defaultConfigurationName = Release;
		};
/* End XCConfigurationList section */
	};
	rootObject = CE172E2827F8C4D300B836F8 /* Project object */;
}
